
Microsoft Visual Studio Solution File, Format Version 12.00
# Visual Studio Version 17
VisualStudioVersion = 17.14.36518.9
MinimumVisualStudioVersion = 10.0.40219.1
Project("{FAE04EC0-301F-11D3-BF4B-00C04F79EFBC}") = "ControlSalidas.API", "ControlSalidas.API\ControlSalidas.API.csproj", "{5D539B4F-A573-4A52-AD0A-7D721664FF91}"
EndProject
Project("{FAE04EC0-301F-11D3-BF4B-00C04F79EFBC}") = "ControlSalidas.Web", "ControlSalidas.Web\ControlSalidas.Web.csproj", "{FA78A452-2D65-4655-979E-572D23B155F3}"
EndProject
Project("{FAE04EC0-301F-11D3-BF4B-00C04F79EFBC}") = "ControlSalidas.Shared", "ControlSalidas.Shared\ControlSalidas.Shared.csproj", "{1AC86CAE-9C26-45CD-ACDA-6C72AD894FC9}"
EndProject
Global
	GlobalSection(SolutionConfigurationPlatforms) = preSolution
		Debug|Any CPU = Debug|Any CPU
		Release|Any CPU = Release|Any CPU
	EndGlobalSection
	GlobalSection(ProjectConfigurationPlatforms) = postSolution
		{5D539B4F-A573-4A52-AD0A-7D721664FF91}.Debug|Any CPU.ActiveCfg = Debug|Any CPU
		{5D539B4F-A573-4A52-AD0A-7D721664FF91}.Debug|Any CPU.Build.0 = Debug|Any CPU
		{5D539B4F-A573-4A52-AD0A-7D721664FF91}.Release|Any CPU.ActiveCfg = Release|Any CPU
		{5D539B4F-A573-4A52-AD0A-7D721664FF91}.Release|Any CPU.Build.0 = Release|Any CPU
		{FA78A452-2D65-4655-979E-572D23B155F3}.Debug|Any CPU.ActiveCfg = Debug|Any CPU
		{FA78A452-2D65-4655-979E-572D23B155F3}.Debug|Any CPU.Build.0 = Debug|Any CPU
		{FA78A452-2D65-4655-979E-572D23B155F3}.Release|Any CPU.ActiveCfg = Release|Any CPU
		{FA78A452-2D65-4655-979E-572D23B155F3}.Release|Any CPU.Build.0 = Release|Any CPU
		{1AC86CAE-9C26-45CD-ACDA-6C72AD894FC9}.Debug|Any CPU.ActiveCfg = Debug|Any CPU
		{1AC86CAE-9C26-45CD-ACDA-6C72AD894FC9}.Debug|Any CPU.Build.0 = Debug|Any CPU
		{1AC86CAE-9C26-45CD-ACDA-6C72AD894FC9}.Release|Any CPU.ActiveCfg = Release|Any CPU
		{1AC86CAE-9C26-45CD-ACDA-6C72AD894FC9}.Release|Any CPU.Build.0 = Release|Any CPU
	EndGlobalSection
	GlobalSection(SolutionProperties) = preSolution
		HideSolutionNode = FALSE
	EndGlobalSection
	GlobalSection(ExtensibilityGlobals) = postSolution
		SolutionGuid = {3D788DE5-1561-4B30-B105-2A3092EFC8EC}
	EndGlobalSection
EndGlobal
